{
  "name": "feathly-support-api",
  "version": "0.1.0",
  "lockfileVersion": 3,
  "requires": true,
  "packages": {
    "": {
      "name": "feathly-support-api",
      "version": "0.1.0",
      "dependencies": {
        "@upstash/ratelimit": "^2.0.7",
        "@upstash/redis": "^1.35.3",
        "nodemailer": "^9.0.4"
      },
      "engines": {
        "node": ">=20"
      }
    },
    "node_modules/@upstash/core-analytics": {
      "version": "0.0.10",
      "resolved": "https://registry.npmjs.org/@upstash/core-analytics/-/core-analytics-0.0.10.tgz",
      "integrity": "sha512-7qJHGxpQgQr9/vmeS1PktEwvNAF7TI4iJDi8Pu2CFZ9YUGHZH4fOP5TfYlZ4aVxfopnELiE4BS4FBjyK7V1/xQ==",
      "license": "MIT",
      "dependencies": {
        "@upstash/redis": "^1.28.3"
      },
      "engines": {
        "node": ">=16.0.0"
      }
    },
    "node_modules/@upstash/ratelimit": {
      "version": "2.0.8",
      "resolved": "https://registry.npmjs.org/@upstash/ratelimit/-/ratelimit-2.0.8.tgz",
      "integrity": "sha512-YSTMBJ1YIxsoPkUMX/P4DDks/xV5YYCswWMamU8ZIfK9ly6ppjRnVOyBhMDXBmzjODm4UQKcxsJPvaeFAijp5w==",
      "license": "MIT",
      "dependencies": {
        "@upstash/core-analytics": "^0.0.10"
      },
      "peerDependencies": {
        "@upstash/redis": "^1.34.3"
      }
    },
    "node_modules/@upstash/redis": {
      "version": "1.38.2",
      "resolved": "https://registry.npmjs.org/@upstash/redis/-/redis-1.38.2.tgz",
      "integrity": "sha512-RZ+JaRCVIS+ZTGnjOnDMr+/0aqDxsBb5rV6aW+Pys4SGELwr5lwE3UbLHRCHqMQ5Ulxj0b/CFBHfbmE175Otog==",
      "license": "MIT",
      "dependencies": {
        "uncrypto": "^0.1.3"
      }
    },
    "node_modules/nodemailer": {
      "version": "9.0.4",
      "resolved": "https://registry.npmjs.org/nodemailer/-/nodemailer-9.0.4.tgz",
      "integrity": "sha512-LmJNRVRtfSCULxcZpy0Cpg4WWenlUZ9+zbmTO+S7v9wD6XreYLjXRFtDjtV/4F0HT5p1GyZfA0Ux/myxHb18CQ==",
      "license": "MIT-0",
      "engines": {
        "node": ">=6.0.0"
      }
    },
    "node_modules/uncrypto": {
      "version": "0.1.3",
      "resolved": "https://registry.npmjs.org/uncrypto/-/uncrypto-0.1.3.tgz",
      "integrity": "sha512-Ql87qFHB3s/De2ClA9e0gsnS6zXG27SkTiSJwjCc9MebbfapQfuPzumMIUMi38ezPZVNFcHI9sUIepeQfw8J8Q==",
      "license": "MIT"
    }
  }
}
